// !$*UTF8*$!
{
	archiveVersion = 1;
	classes = {
	};
	objectVersion = 50;
	objects = {

/* Begin PBXBuildFile section */
		1725A8E0233CEF0F00651AA6 /* AppDelegate.swift in Sources */ = {isa = PBXBuildFile; fileRef = 1725A8DF233CEF0F00651AA6 /* AppDelegate.swift */; };
		1725A8E2233CEF0F00651AA6 /* SceneDelegate.swift in Sources */ = {isa = PBXBuildFile; fileRef = 1725A8E1233CEF0F00651AA6 /* SceneDelegate.swift */; };
		1725A8E4233CEF0F00651AA6 /* ContentView.swift in Sources */ = {isa = PBXBuildFile; fileRef = 1725A8E3233CEF0F00651AA6 /* ContentView.swift */; };
		1725A8E6233CEF1000651AA6 /* Assets.xcassets in Resources */ = {isa = PBXBuildFile; fileRef = 1725A8E5233CEF1000651AA6 /* Assets.xcassets */; };
		1725A8E9233CEF1000651AA6 /* Preview Assets.xcassets in Resources */ = {isa = PBXBuildFile; fileRef = 1725A8E8233CEF1000651AA6 /* Preview Assets.xcassets */; };
		1725A8EC233CEF1000651AA6 /* LaunchScreen.storyboard in Resources */ = {isa = PBXBuildFile; fileRef = 1725A8EA233CEF1000651AA6 /* LaunchScreen.storyboard */; };
		1725A8F4233CEF3200651AA6 /* Root.swift in Sources */ = {isa = PBXBuildFile; fileRef = 1725A8F3233CEF3200651AA6 /* Root.swift */; };
		1725A8F6233CEF3D00651AA6 /* Battery.swift in Sources */ = {isa = PBXBuildFile; fileRef = 1725A8F5233CEF3D00651AA6 /* Battery.swift */; };
		1725A8F8233CF7D500651AA6 /* LevelVisualizeView.swift in Sources */ = {isa = PBXBuildFile; fileRef = 1725A8F7233CF7D500651AA6 /* LevelVisualizeView.swift */; };
		1725A8FA233CF9B500651AA6 /* BoardView.swift in Sources */ = {isa = PBXBuildFile; fileRef = 1725A8F9233CF9B500651AA6 /* BoardView.swift */; };
		1725A8FC233D02E300651AA6 /* SettingIconView.swift in Sources */ = {isa = PBXBuildFile; fileRef = 1725A8FB233D02E300651AA6 /* SettingIconView.swift */; };
		1725A8FE233D031E00651AA6 /* CustomkHostingController.swift in Sources */ = {isa = PBXBuildFile; fileRef = 1725A8FD233D031E00651AA6 /* CustomkHostingController.swift */; };
		1725A900233D038600651AA6 /* PreferencesView.swift in Sources */ = {isa = PBXBuildFile; fileRef = 1725A8FF233D038600651AA6 /* PreferencesView.swift */; };
/* End PBXBuildFile section */

/* Begin PBXFileReference section */
		1725A8DC233CEF0F00651AA6 /* SwiftUIBatteryMonitor.app */ = {isa = PBXFileReference; explicitFileType = wrapper.application; includeInIndex = 0; path = SwiftUIBatteryMonitor.app; sourceTree = BUILT_PRODUCTS_DIR; };
		1725A8DF233CEF0F00651AA6 /* AppDelegate.swift */ = {isa = PBXFileReference; lastKnownFileType = sourcecode.swift; path = AppDelegate.swift; sourceTree = "<group>"; };
		1725A8E1233CEF0F00651AA6 /* SceneDelegate.swift */ = {isa = PBXFileReference; lastKnownFileType = sourcecode.swift; path = SceneDelegate.swift; sourceTree = "<group>"; };
		1725A8E3233CEF0F00651AA6 /* ContentView.swift */ = {isa = PBXFileReference; lastKnownFileType = sourcecode.swift; path = ContentView.swift; sourceTree = "<group>"; };
		1725A8E5233CEF1000651AA6 /* Assets.xcassets */ = {isa = PBXFileReference; lastKnownFileType = folder.assetcatalog; path = Assets.xcassets; sourceTree = "<group>"; };
		1725A8E8233CEF1000651AA6 /* Preview Assets.xcassets */ = {isa = PBXFileReference; lastKnownFileType = folder.assetcatalog; path = "Preview Assets.xcassets"; sourceTree = "<group>"; };
		1725A8EB233CEF1000651AA6 /* Base */ = {isa = PBXFileReference; lastKnownFileType = file.storyboard; name = Base; path = Base.lproj/LaunchScreen.storyboard; sourceTree = "<group>"; };
		1725A8ED233CEF1000651AA6 /* Info.plist */ = {isa = PBXFileReference; lastKnownFileType = text.plist.xml; path = Info.plist; sourceTree = "<group>"; };
		1725A8F3233CEF3200651AA6 /* Root.swift */ = {isa = PBXFileReference; lastKnownFileType = sourcecode.swift; path = Root.swift; sourceTree = "<group>"; };
		1725A8F5233CEF3D00651AA6 /* Battery.swift */ = {isa = PBXFileReference; lastKnownFileType = sourcecode.swift; path = Battery.swift; sourceTree = "<group>"; };
		1725A8F7233CF7D500651AA6 /* LevelVisualizeView.swift */ = {isa = PBXFileReference; fileEncoding = 4; lastKnownFileType = sourcecode.swift; path = LevelVisualizeView.swift; sourceTree = "<group>"; };
		1725A8F9233CF9B500651AA6 /* BoardView.swift */ = {isa = PBXFileReference; fileEncoding = 4; lastKnownFileType = sourcecode.swift; path = BoardView.swift; sourceTree = "<group>"; };
		1725A8FB233D02E300651AA6 /* SettingIconView.swift */ = {isa = PBXFileReference; fileEncoding = 4; lastKnownFileType = sourcecode.swift; path = SettingIconView.swift; sourceTree = "<group>"; };
		1725A8FD233D031E00651AA6 /* CustomkHostingController.swift */ = {isa = PBXFileReference; fileEncoding = 4; lastKnownFileType = sourcecode.swift; path = CustomkHostingController.swift; sourceTree = "<group>"; };
		1725A8FF233D038600651AA6 /* PreferencesView.swift */ = {isa = PBXFileReference; lastKnownFileType = sourcecode.swift; path = PreferencesView.swift; sourceTree = "<group>"; };
/* End PBXFileReference section */

/* Begin PBXFrameworksBuildPhase section */
		1725A8D9233CEF0F00651AA6 /* Frameworks */ = {
			isa = PBXFrameworksBuildPhase;
			buildActionMask = 2147483647;
			files = (
			);
			runOnlyForDeploymentPostprocessing = 0;
		};
/* End PBXFrameworksBuildPhase section */

/* Begin PBXGroup section */
		1725A8D3233CEF0F00651AA6 = {
			isa = PBXGroup;
			children = (
				1725A8DE233CEF0F00651AA6 /* SwiftUIBatteryMonitor */,
				1725A8DD233CEF0F00651AA6 /* Products */,
			);
			sourceTree = "<group>";
		};
		1725A8DD233CEF0F00651AA6 /* Products */ = {
			isa = PBXGroup;
			children = (
				1725A8DC233CEF0F00651AA6 /* SwiftUIBatteryMonitor.app */,
			);
			name = Products;
			sourceTree = "<group>";
		};
		1725A8DE233CEF0F00651AA6 /* SwiftUIBatteryMonitor */ = {
			isa = PBXGroup;
			children = (
				1725A8DF233CEF0F00651AA6 /* AppDelegate.swift */,
				1725A8E1233CEF0F00651AA6 /* SceneDelegate.swift */,
				1725A8E3233CEF0F00651AA6 /* ContentView.swift */,
				1725A8F7233CF7D500651AA6 /* LevelVisualizeView.swift */,
				1725A8F9233CF9B500651AA6 /* BoardView.swift */,
				1725A8F3233CEF3200651AA6 /* Root.swift */,
				1725A8F5233CEF3D00651AA6 /* Battery.swift */,
				1725A8FB233D02E300651AA6 /* SettingIconView.swift */,
				1725A8FD233D031E00651AA6 /* CustomkHostingController.swift */,
				1725A8FF233D038600651AA6 /* PreferencesView.swift */,
				1725A8E5233CEF1000651AA6 /* Assets.xcassets */,
				1725A8EA233CEF1000651AA6 /* LaunchScreen.storyboard */,
				1725A8ED233CEF1000651AA6 /* Info.plist */,
				1725A8E7233CEF1000651AA6 /* Preview Content */,
			);
			path = SwiftUIBatteryMonitor;
			sourceTree = "<group>";
		};
		1725A8E7233CEF1000651AA6 /* Preview Content */ = {
			isa = PBXGroup;
			children = (
				1725A8E8233CEF1000651AA6 /* Preview Assets.xcassets */,
			);
			path = "Preview Content";
			sourceTree = "<group>";
		};
/* End PBXGroup section */

/* Begin PBXNativeTarget section */
		1725A8DB233CEF0F00651AA6 /* SwiftUIBatteryMonitor */ = {
			isa = PBXNativeTarget;
			buildConfigurationList = 1725A8F0233CEF1000651AA6 /* Build configuration list for PBXNativeTarget "SwiftUIBatteryMonitor" */;
			buildPhases = (
				1725A8D8233CEF0F00651AA6 /* Sources */,
				1725A8D9233CEF0F00651AA6 /* Frameworks */,
				1725A8DA233CEF0F00651AA6 /* Resources */,
			);
			buildRules = (
			);
			dependencies = (
			);
			name = SwiftUIBatteryMonitor;
			productName = SwiftUIBatteryMonitor;
			productReference = 1725A8DC233CEF0F00651AA6 /* SwiftUIBatteryMonitor.app */;
			productType = "com.apple.product-type.application";
		};
/* End PBXNativeTarget section */

/* Begin PBXProject section */
		1725A8D4233CEF0F00651AA6 /* Project object */ = {
			isa = PBXProject;
			attributes = {
				LastSwiftUpdateCheck = 1100;
				LastUpgradeCheck = 1100;
				ORGANIZATIONNAME = "能登 要";
				TargetAttributes = {
					1725A8DB233CEF0F00651AA6 = {
						CreatedOnToolsVersion = 11.0;
					};
				};
			};
			buildConfigurationList = 1725A8D7233CEF0F00651AA6 /* Build configuration list for PBXProject "SwiftUIBatteryMonitor" */;
			compatibilityVersion = "Xcode 9.3";
			developmentRegion = en;
			hasScannedForEncodings = 0;
			knownRegions = (
				en,
				Base,
			);
			mainGroup = 1725A8D3233CEF0F00651AA6;
			productRefGroup = 1725A8DD233CEF0F00651AA6 /* Products */;
			projectDirPath = "";
			projectRoot = "";
			targets = (
				1725A8DB233CEF0F00651AA6 /* SwiftUIBatteryMonitor */,
			);
		};
/* End PBXProject section */

/* Begin PBXResourcesBuildPhase section */
		1725A8DA233CEF0F00651AA6 /* Resources */ = {
			isa = PBXResourcesBuildPhase;
			buildActionMask = 2147483647;
			files = (
				1725A8EC233CEF1000651AA6 /* LaunchScreen.storyboard in Resources */,
				1725A8E9233CEF1000651AA6 /* Preview Assets.xcassets in Resources */,
				1725A8E6233CEF1000651AA6 /* Assets.xcassets in Resources */,
			);
			runOnlyForDeploymentPostprocessing = 0;
		};
/* End PBXResourcesBuildPhase section */

/* Begin PBXSourcesBuildPhase section */
		1725A8D8233CEF0F00651AA6 /* Sources */ = {
			isa = PBXSourcesBuildPhase;
			buildActionMask = 2147483647;
			files = (
				1725A8FA233CF9B500651AA6 /* BoardView.swift in Sources */,
				1725A8F8233CF7D500651AA6 /* LevelVisualizeView.swift in Sources */,
				1725A8FC233D02E300651AA6 /* SettingIconView.swift in Sources */,
				1725A8FE233D031E00651AA6 /* CustomkHostingController.swift in Sources */,
				1725A8F6233CEF3D00651AA6 /* Battery.swift in Sources */,
				1725A900233D038600651AA6 /* PreferencesView.swift in Sources */,
				1725A8E0233CEF0F00651AA6 /* AppDelegate.swift in Sources */,
				1725A8F4233CEF3200651AA6 /* Root.swift in Sources */,
				1725A8E2233CEF0F00651AA6 /* SceneDelegate.swift in Sources */,
				1725A8E4233CEF0F00651AA6 /* ContentView.swift in Sources */,
			);
			runOnlyForDeploymentPostprocessing = 0;
		};
/* End PBXSourcesBuildPhase section */

/* Begin PBXVariantGroup section */
		1725A8EA233CEF1000651AA6 /* LaunchScreen.storyboard */ = {
			isa = PBXVariantGroup;
			children = (
				1725A8EB233CEF1000651AA6 /* Base */,
			);
			name = LaunchScreen.storyboard;
			sourceTree = "<group>";
		};
/* End PBXVariantGroup section */

/* Begin XCBuildConfiguration section */
		1725A8EE233CEF1000651AA6 /* Debug */ = {
			isa = XCBuildConfiguration;
			buildSettings = {
				ALWAYS_SEARCH_USER_PATHS = NO;
				CLANG_ANALYZER_NONNULL = YES;
				CLANG_ANALYZER_NUMBER_OBJECT_CONVERSION = YES_AGGRESSIVE;
				CLANG_CXX_LANGUAGE_STANDARD = "gnu++14";
				CLANG_CXX_LIBRARY = "libc++";
				CLANG_ENABLE_MODULES = YES;
				CLANG_ENABLE_OBJC_ARC = YES;
				CLANG_ENABLE_OBJC_WEAK = YES;
				CLANG_WARN_BLOCK_CAPTURE_AUTORELEASING = YES;
				CLANG_WARN_BOOL_CONVERSION = YES;
				CLANG_WARN_COMMA = YES;
				CLANG_WARN_CONSTANT_CONVERSION = YES;
				CLANG_WARN_DEPRECATED_OBJC_IMPLEMENTATIONS = YES;
				CLANG_WARN_DIRECT_OBJC_ISA_USAGE = YES_ERROR;
				CLANG_WARN_DOCUMENTATION_COMMENTS = YES;
				CLANG_WARN_EMPTY_BODY = YES;
				CLANG_WARN_ENUM_CONVERSION = YES;
				CLANG_WARN_INFINITE_RECURSION = YES;
				CLANG_WARN_INT_CONVERSION = YES;
				CLANG_WARN_NON_LITERAL_NULL_CONVERSION = YES;
				CLANG_WARN_OBJC_IMPLICIT_RETAIN_SELF = YES;
				CLANG_WARN_OBJC_LITERAL_CONVERSION = YES;
				CLANG_WARN_OBJC_ROOT_CLASS = YES_ERROR;
				CLANG_WARN_RANGE_LOOP_ANALYSIS = YES;
				CLANG_WARN_STRICT_PROTOTYPES = YES;
				CLANG_WARN_SUSPICIOUS_MOVE = YES;
				CLANG_WARN_UNGUARDED_AVAILABILITY = YES_AGGRESSIVE;
				CLANG_WARN_UNREACHABLE_CODE = YES;
				CLANG_WARN__DUPLICATE_METHOD_MATCH = YES;
				COPY_PHASE_STRIP = NO;
				DEBUG_INFORMATION_FORMAT = dwarf;
				ENABLE_STRICT_OBJC_MSGSEND = YES;
				ENABLE_TESTABILITY = YES;
				GCC_C_LANGUAGE_STANDARD = gnu11;
				GCC_DYNAMIC_NO_PIC = NO;
				GCC_NO_COMMON_BLOCKS = YES;
				GCC_OPTIMIZATION_LEVEL = 0;
				GCC_PREPROCESSOR_DEFINITIONS = (
					"DEBUG=1",
					"$(inherited)",
				);
				GCC_WARN_64_TO_32_BIT_CONVERSION = YES;
				GCC_WARN_ABOUT_RETURN_TYPE = YES_ERROR;
				GCC_WARN_UNDECLARED_SELECTOR = YES;
				GCC_WARN_UNINITIALIZED_AUTOS = YES_AGGRESSIVE;
				GCC_WARN_UNUSED_FUNCTION = YES;
				GCC_WARN_UNUSED_VARIABLE = YES;
				IPHONEOS_DEPLOYMENT_TARGET = 13.0;
				MTL_ENABLE_DEBUG_INFO = INCLUDE_SOURCE;
				MTL_FAST_MATH = YES;
				ONLY_ACTIVE_ARCH = YES;
				SDKROOT = iphoneos;
				SWIFT_ACTIVE_COMPILATION_CONDITIONS = DEBUG;
				SWIFT_OPTIMIZATION_LEVEL = "-Onone";
			};
			name = Debug;
		};
		1725A8EF233CEF1000651AA6 /* Release */ = {
			isa = XCBuildConfiguration;
			buildSettings = {
				ALWAYS_SEARCH_USER_PATHS = NO;
				CLANG_ANALYZER_NONNULL = YES;
				CLANG_ANALYZER_NUMBER_OBJECT_CONVERSION = YES_AGGRESSIVE;
				CLANG_CXX_LANGUAGE_STANDARD = "gnu++14";
				CLANG_CXX_LIBRARY = "libc++";
				CLANG_ENABLE_MODULES = YES;
				CLANG_ENABLE_OBJC_ARC = YES;
				CLANG_ENABLE_OBJC_WEAK = YES;
				CLANG_WARN_BLOCK_CAPTURE_AUTORELEASING = YES;
				CLANG_WARN_BOOL_CONVERSION = YES;
				CLANG_WARN_COMMA = YES;
				CLANG_WARN_CONSTANT_CONVERSION = YES;
				CLANG_WARN_DEPRECATED_OBJC_IMPLEMENTATIONS = YES;
				CLANG_WARN_DIRECT_OBJC_ISA_USAGE = YES_ERROR;
				CLANG_WARN_DOCUMENTATION_COMMENTS = YES;
				CLANG_WARN_EMPTY_BODY = YES;
				CLANG_WARN_ENUM_CONVERSION = YES;
				CLANG_WARN_INFINITE_RECURSION = YES;
				CLANG_WARN_INT_CONVERSION = YES;
				CLANG_WARN_NON_LITERAL_NULL_CONVERSION = YES;
				CLANG_WARN_OBJC_IMPLICIT_RETAIN_SELF = YES;
				CLANG_WARN_OBJC_LITERAL_CONVERSION = YES;
				CLANG_WARN_OBJC_ROOT_CLASS = YES_ERROR;
				CLANG_WARN_RANGE_LOOP_ANALYSIS = YES;
				CLANG_WARN_STRICT_PROTOTYPES = YES;
				CLANG_WARN_SUSPICIOUS_MOVE = YES;
				CLANG_WARN_UNGUARDED_AVAILABILITY = YES_AGGRESSIVE;
				CLANG_WARN_UNREACHABLE_CODE = YES;
				CLANG_WARN__DUPLICATE_METHOD_MATCH = YES;
				COPY_PHASE_STRIP = NO;
				DEBUG_INFORMATION_FORMAT = "dwarf-with-dsym";
				ENABLE_NS_ASSERTIONS = NO;
				ENABLE_STRICT_OBJC_MSGSEND = YES;
				GCC_C_LANGUAGE_STANDARD = gnu11;
				GCC_NO_COMMON_BLOCKS = YES;
				GCC_WARN_64_TO_32_BIT_CONVERSION = YES;
				GCC_WARN_ABOUT_RETURN_TYPE = YES_ERROR;
				GCC_WARN_UNDECLARED_SELECTOR = YES;
				GCC_WARN_UNINITIALIZED_AUTOS = YES_AGGRESSIVE;
				GCC_WARN_UNUSED_FUNCTION = YES;
				GCC_WARN_UNUSED_VARIABLE = YES;
				IPHONEOS_DEPLOYMENT_TARGET = 13.0;
				MTL_ENABLE_DEBUG_INFO = NO;
				MTL_FAST_MATH = YES;
				SDKROOT = iphoneos;
				SWIFT_COMPILATION_MODE = wholemodule;
				SWIFT_OPTIMIZATION_LEVEL = "-O";
				VALIDATE_PRODUCT = YES;
			};
			name = Release;
		};
		1725A8F1233CEF1000651AA6 /* Debug */ = {
			isa = XCBuildConfiguration;
			buildSettings = {
				ASSETCATALOG_COMPILER_APPICON_NAME = AppIcon;
				CODE_SIGN_STYLE = Automatic;
				DEVELOPMENT_ASSET_PATHS = "\"SwiftUIBatteryMonitor/Preview Content\"";
				ENABLE_PREVIEWS = YES;
				INFOPLIST_FILE = SwiftUIBatteryMonitor/Info.plist;
				LD_RUNPATH_SEARCH_PATHS = (
					"$(inherited)",
					"@executable_path/Frameworks",
				);
				PRODUCT_BUNDLE_IDENTIFIER = com.irimasu.SwiftUIBatteryMonitor;
				PRODUCT_NAME = "$(TARGET_NAME)";
				SWIFT_VERSION = 5.0;
				TARGETED_DEVICE_FAMILY = "1,2";
			};
			name = Debug;
		};
		1725A8F2233CEF1000651AA6 /* Release */ = {
			isa = XCBuildConfiguration;
			buildSettings = {
				ASSETCATALOG_COMPILER_APPICON_NAME = AppIcon;
				CODE_SIGN_STYLE = Automatic;
				DEVELOPMENT_ASSET_PATHS = "\"SwiftUIBatteryMonitor/Preview Content\"";
				ENABLE_PREVIEWS = YES;
				INFOPLIST_FILE = SwiftUIBatteryMonitor/Info.plist;
				LD_RUNPATH_SEARCH_PATHS = (
					"$(inherited)",
					"@executable_path/Frameworks",
				);
				PRODUCT_BUNDLE_IDENTIFIER = com.irimasu.SwiftUIBatteryMonitor;
				PRODUCT_NAME = "$(TARGET_NAME)";
				SWIFT_VERSION = 5.0;
				TARGETED_DEVICE_FAMILY = "1,2";
			};
			name = Release;
		};
/* End XCBuildConfiguration section */

/* Begin XCConfigurationList section */
		1725A8D7233CEF0F00651AA6 /* Build configuration list for PBXProject "SwiftUIBatteryMonitor" */ = {
			isa = XCConfigurationList;
			buildConfigurations = (
				1725A8EE233CEF1000651AA6 /* Debug */,
				1725A8EF233CEF1000651AA6 /* Release */,
			);
			defaultConfigurationIsVisible = 0;
			defaultConfigurationName = Release;
		};
		1725A8F0233CEF1000651AA6 /* Build configuration list for PBXNativeTarget "SwiftUIBatteryMonitor" */ = {
			isa = XCConfigurationList;
			buildConfigurations = (
				1725A8F1233CEF1000651AA6 /* Debug */,
				1725A8F2233CEF1000651AA6 /* Release */,
			);
			defaultConfigurationIsVisible = 0;
			defaultConfigurationName = Release;
		};
/* End XCConfigurationList section */
	};
	rootObject = 1725A8D4233CEF0F00651AA6 /* Project object */;
}
